
Microsoft Visual Studio Solution File, Format Version 12.00
# Visual Studio 2012
Project("{f2a71f9b-5d33-465a-a702-920d77279786}") = "small", "small\small.fsproj", "{0BD6B6F7-2624-4141-8C44-4E0E06672AAF}"
EndProject
Global
	GlobalSection(SolutionConfigurationPlatforms) = preSolution
		Debug|iPhoneSimulator = Debug|iPhoneSimulator
		Release|iPhoneSimulator = Release|iPhoneSimulator
		Debug|iPhone = Debug|iPhone
		Release|iPhone = Release|iPhone
		Ad-Hoc|iPhone = Ad-Hoc|iPhone
		AppStore|iPhone = AppStore|iPhone
	EndGlobalSection
	GlobalSection(ProjectConfigurationPlatforms) = postSolution
		{0BD6B6F7-2624-4141-8C44-4E0E06672AAF}.Ad-Hoc|iPhone.ActiveCfg = Ad-Hoc|iPhone
		{0BD6B6F7-2624-4141-8C44-4E0E06672AAF}.Ad-Hoc|iPhone.Build.0 = Ad-Hoc|iPhone
		{0BD6B6F7-2624-4141-8C44-4E0E06672AAF}.AppStore|iPhone.ActiveCfg = AppStore|iPhone
		{0BD6B6F7-2624-4141-8C44-4E0E06672AAF}.AppStore|iPhone.Build.0 = AppStore|iPhone
		{0BD6B6F7-2624-4141-8C44-4E0E06672AAF}.Debug|iPhone.ActiveCfg = Debug|iPhone
		{0BD6B6F7-2624-4141-8C44-4E0E06672AAF}.Debug|iPhone.Build.0 = Debug|iPhone
		{0BD6B6F7-2624-4141-8C44-4E0E06672AAF}.Debug|iPhoneSimulator.ActiveCfg = Debug|iPhoneSimulator
		{0BD6B6F7-2624-4141-8C44-4E0E06672AAF}.Debug|iPhoneSimulator.Build.0 = Debug|iPhoneSimulator
		{0BD6B6F7-2624-4141-8C44-4E0E06672AAF}.Release|iPhone.ActiveCfg = Release|iPhone
		{0BD6B6F7-2624-4141-8C44-4E0E06672AAF}.Release|iPhone.Build.0 = Release|iPhone
		{0BD6B6F7-2624-4141-8C44-4E0E06672AAF}.Release|iPhoneSimulator.ActiveCfg = Release|iPhoneSimulator
		{0BD6B6F7-2624-4141-8C44-4E0E06672AAF}.Release|iPhoneSimulator.Build.0 = Release|iPhoneSimulator
	EndGlobalSection
	GlobalSection(MonoDevelopProperties) = preSolution
		StartupItem = small\small.fsproj
	EndGlobalSection
EndGlobal
