
Microsoft Visual Studio Solution File, Format Version 12.00
# Visual Studio 2012
Project("{f2a71f9b-5d33-465a-a702-920d77279786}") = "simple", "simple\simple.fsproj", "{AC8C92BA-375F-442B-8C0E-9DEF04F37A03}"
EndProject
Global
	GlobalSection(SolutionConfigurationPlatforms) = preSolution
		Debug|iPhoneSimulator = Debug|iPhoneSimulator
		Release|iPhoneSimulator = Release|iPhoneSimulator
		Debug|iPhone = Debug|iPhone
		Release|iPhone = Release|iPhone
		Ad-Hoc|iPhone = Ad-Hoc|iPhone
		AppStore|iPhone = AppStore|iPhone
	EndGlobalSection
	GlobalSection(ProjectConfigurationPlatforms) = postSolution
		{AC8C92BA-375F-442B-8C0E-9DEF04F37A03}.Ad-Hoc|iPhone.ActiveCfg = Ad-Hoc|iPhone
		{AC8C92BA-375F-442B-8C0E-9DEF04F37A03}.Ad-Hoc|iPhone.Build.0 = Ad-Hoc|iPhone
		{AC8C92BA-375F-442B-8C0E-9DEF04F37A03}.AppStore|iPhone.ActiveCfg = AppStore|iPhone
		{AC8C92BA-375F-442B-8C0E-9DEF04F37A03}.AppStore|iPhone.Build.0 = AppStore|iPhone
		{AC8C92BA-375F-442B-8C0E-9DEF04F37A03}.Debug|iPhone.ActiveCfg = Debug|iPhone
		{AC8C92BA-375F-442B-8C0E-9DEF04F37A03}.Debug|iPhone.Build.0 = Debug|iPhone
		{AC8C92BA-375F-442B-8C0E-9DEF04F37A03}.Debug|iPhoneSimulator.ActiveCfg = Debug|iPhoneSimulator
		{AC8C92BA-375F-442B-8C0E-9DEF04F37A03}.Debug|iPhoneSimulator.Build.0 = Debug|iPhoneSimulator
		{AC8C92BA-375F-442B-8C0E-9DEF04F37A03}.Release|iPhone.ActiveCfg = Release|iPhone
		{AC8C92BA-375F-442B-8C0E-9DEF04F37A03}.Release|iPhone.Build.0 = Release|iPhone
		{AC8C92BA-375F-442B-8C0E-9DEF04F37A03}.Release|iPhoneSimulator.ActiveCfg = Release|iPhoneSimulator
		{AC8C92BA-375F-442B-8C0E-9DEF04F37A03}.Release|iPhoneSimulator.Build.0 = Release|iPhoneSimulator
	EndGlobalSection
	GlobalSection(MonoDevelopProperties) = preSolution
		StartupItem = simple\simple.fsproj
	EndGlobalSection
EndGlobal
